
Microsoft Visual Studio Solution File, Format Version 12.00
# Visual Studio 15
VisualStudioVersion = 15.0.27428.2043
MinimumVisualStudioVersion = 10.0.40219.1
Project("{FAE04EC0-301F-11D3-BF4B-00C04F79EFBC}") = "MetroTester", "MetroTester\MetroTester.csproj", "{26EF1163-0674-43A1-AB00-57F19A576842}"
EndProject
Project("{FAE04EC0-301F-11D3-BF4B-00C04F79EFBC}") = "DragablzTester", "DragablzTester\DragablzTester.csproj", "{A9BE05BC-A5F3-484A-8319-4CEC159C92A1}"
EndProject
Global
	GlobalSection(SolutionConfigurationPlatforms) = preSolution
		Debug|Any CPU = Debug|Any CPU
		Release|Any CPU = Release|Any CPU
	EndGlobalSection
	GlobalSection(ProjectConfigurationPlatforms) = postSolution
		{26EF1163-0674-43A1-AB00-57F19A576842}.Debug|Any CPU.ActiveCfg = Debug|Any CPU
		{26EF1163-0674-43A1-AB00-57F19A576842}.Debug|Any CPU.Build.0 = Debug|Any CPU
		{26EF1163-0674-43A1-AB00-57F19A576842}.Release|Any CPU.ActiveCfg = Release|Any CPU
		{26EF1163-0674-43A1-AB00-57F19A576842}.Release|Any CPU.Build.0 = Release|Any CPU
		{A9BE05BC-A5F3-484A-8319-4CEC159C92A1}.Debug|Any CPU.ActiveCfg = Debug|Any CPU
		{A9BE05BC-A5F3-484A-8319-4CEC159C92A1}.Debug|Any CPU.Build.0 = Debug|Any CPU
		{A9BE05BC-A5F3-484A-8319-4CEC159C92A1}.Release|Any CPU.ActiveCfg = Release|Any CPU
		{A9BE05BC-A5F3-484A-8319-4CEC159C92A1}.Release|Any CPU.Build.0 = Release|Any CPU
	EndGlobalSection
	GlobalSection(SolutionProperties) = preSolution
		HideSolutionNode = FALSE
	EndGlobalSection
	GlobalSection(ExtensibilityGlobals) = postSolution
		SolutionGuid = {5028911B-E878-4388-A7B9-658D15A4E80E}
	EndGlobalSection
EndGlobal
